// !$*UTF8*$!
{
	archiveVersion = 1;
	classes = {
	};
	objectVersion = 56;
	objects = {

/* Begin PBXBuildFile section */
		752DD1072C03480400AA81D5 /* BloomeThird.rcproject in Sources */ = {isa = PBXBuildFile; fileRef = 752DD1062C03480400AA81D5 /* BloomeThird.rcproject */; };
		753F10C72BFA3DD5005E4513 /* AppDelegate.swift in Sources */ = {isa = PBXBuildFile; fileRef = 753F10C62BFA3DD5005E4513 /* AppDelegate.swift */; };
		753F10C92BFA3DD5005E4513 /* ContentView.swift in Sources */ = {isa = PBXBuildFile; fileRef = 753F10C82BFA3DD5005E4513 /* ContentView.swift */; };
		753F10CB2BFA3DD5005E4513 /* Assets.xcassets in Resources */ = {isa = PBXBuildFile; fileRef = 753F10CA2BFA3DD5005E4513 /* Assets.xcassets */; };
		753F10CE2BFA3DD5005E4513 /* Preview Assets.xcassets in Resources */ = {isa = PBXBuildFile; fileRef = 753F10CD2BFA3DD5005E4513 /* Preview Assets.xcassets */; };
		753F10D82BFA3DD6005E4513 /* BloomeTests.swift in Sources */ = {isa = PBXBuildFile; fileRef = 753F10D72BFA3DD6005E4513 /* BloomeTests.swift */; };
		753F10E22BFA3DD6005E4513 /* BloomeUITests.swift in Sources */ = {isa = PBXBuildFile; fileRef = 753F10E12BFA3DD6005E4513 /* BloomeUITests.swift */; };
		753F10E42BFA3DD6005E4513 /* BloomeUITestsLaunchTests.swift in Sources */ = {isa = PBXBuildFile; fileRef = 753F10E32BFA3DD6005E4513 /* BloomeUITestsLaunchTests.swift */; };
		753F10F52BFA3FF4005E4513 /* Bloome.rcproject in Sources */ = {isa = PBXBuildFile; fileRef = 753F10F42BFA3FF4005E4513 /* Bloome.rcproject */; };
		756D90432BFB3A4500AEB564 /* BloomeSecond.rcproject in Sources */ = {isa = PBXBuildFile; fileRef = 756D90422BFB3A4500AEB564 /* BloomeSecond.rcproject */; };
		756D90452BFB3ACB00AEB564 /* HomeView.swift in Sources */ = {isa = PBXBuildFile; fileRef = 756D90442BFB3ACB00AEB564 /* HomeView.swift */; };
/* End PBXBuildFile section */

/* Begin PBXContainerItemProxy section */
		753F10D42BFA3DD6005E4513 /* PBXContainerItemProxy */ = {
			isa = PBXContainerItemProxy;
			containerPortal = 753F10BB2BFA3DD5005E4513 /* Project object */;
			proxyType = 1;
			remoteGlobalIDString = 753F10C22BFA3DD5005E4513;
			remoteInfo = Bloome;
		};
		753F10DE2BFA3DD6005E4513 /* PBXContainerItemProxy */ = {
			isa = PBXContainerItemProxy;
			containerPortal = 753F10BB2BFA3DD5005E4513 /* Project object */;
			proxyType = 1;
			remoteGlobalIDString = 753F10C22BFA3DD5005E4513;
			remoteInfo = Bloome;
		};
/* End PBXContainerItemProxy section */

/* Begin PBXFileReference section */
		752DD1062C03480400AA81D5 /* BloomeThird.rcproject */ = {isa = PBXFileReference; lastKnownFileType = file.rcproject; path = BloomeThird.rcproject; sourceTree = "<group>"; };
		753F10C32BFA3DD5005E4513 /* Bloome.app */ = {isa = PBXFileReference; explicitFileType = wrapper.application; includeInIndex = 0; path = Bloome.app; sourceTree = BUILT_PRODUCTS_DIR; };
		753F10C62BFA3DD5005E4513 /* AppDelegate.swift */ = {isa = PBXFileReference; lastKnownFileType = sourcecode.swift; path = AppDelegate.swift; sourceTree = "<group>"; };
		753F10C82BFA3DD5005E4513 /* ContentView.swift */ = {isa = PBXFileReference; lastKnownFileType = sourcecode.swift; path = ContentView.swift; sourceTree = "<group>"; };
		753F10CA2BFA3DD5005E4513 /* Assets.xcassets */ = {isa = PBXFileReference; lastKnownFileType = folder.assetcatalog; path = Assets.xcassets; sourceTree = "<group>"; };
		753F10CD2BFA3DD5005E4513 /* Preview Assets.xcassets */ = {isa = PBXFileReference; lastKnownFileType = folder.assetcatalog; path = "Preview Assets.xcassets"; sourceTree = "<group>"; };
		753F10D32BFA3DD6005E4513 /* BloomeTests.xctest */ = {isa = PBXFileReference; explicitFileType = wrapper.cfbundle; includeInIndex = 0; path = BloomeTests.xctest; sourceTree = BUILT_PRODUCTS_DIR; };
		753F10D72BFA3DD6005E4513 /* BloomeTests.swift */ = {isa = PBXFileReference; lastKnownFileType = sourcecode.swift; path = BloomeTests.swift; sourceTree = "<group>"; };
		753F10DD2BFA3DD6005E4513 /* BloomeUITests.xctest */ = {isa = PBXFileReference; explicitFileType = wrapper.cfbundle; includeInIndex = 0; path = BloomeUITests.xctest; sourceTree = BUILT_PRODUCTS_DIR; };
		753F10E12BFA3DD6005E4513 /* BloomeUITests.swift */ = {isa = PBXFileReference; lastKnownFileType = sourcecode.swift; path = BloomeUITests.swift; sourceTree = "<group>"; };
		753F10E32BFA3DD6005E4513 /* BloomeUITestsLaunchTests.swift */ = {isa = PBXFileReference; lastKnownFileType = sourcecode.swift; path = BloomeUITestsLaunchTests.swift; sourceTree = "<group>"; };
		753F10F42BFA3FF4005E4513 /* Bloome.rcproject */ = {isa = PBXFileReference; lastKnownFileType = file.rcproject; path = Bloome.rcproject; sourceTree = "<group>"; };
		756D90422BFB3A4500AEB564 /* BloomeSecond.rcproject */ = {isa = PBXFileReference; lastKnownFileType = file.rcproject; path = BloomeSecond.rcproject; sourceTree = "<group>"; };
		756D90442BFB3ACB00AEB564 /* HomeView.swift */ = {isa = PBXFileReference; lastKnownFileType = sourcecode.swift; path = HomeView.swift; sourceTree = "<group>"; };
/* End PBXFileReference section */

/* Begin PBXFrameworksBuildPhase section */
		753F10C02BFA3DD5005E4513 /* Frameworks */ = {
			isa = PBXFrameworksBuildPhase;
			buildActionMask = 2147483647;
			files = (
			);
			runOnlyForDeploymentPostprocessing = 0;
		};
		753F10D02BFA3DD6005E4513 /* Frameworks */ = {
			isa = PBXFrameworksBuildPhase;
			buildActionMask = 2147483647;
			files = (
			);
			runOnlyForDeploymentPostprocessing = 0;
		};
		753F10DA2BFA3DD6005E4513 /* Frameworks */ = {
			isa = PBXFrameworksBuildPhase;
			buildActionMask = 2147483647;
			files = (
			);
			runOnlyForDeploymentPostprocessing = 0;
		};
/* End PBXFrameworksBuildPhase section */

/* Begin PBXGroup section */
		753F10BA2BFA3DD5005E4513 = {
			isa = PBXGroup;
			children = (
				753F10C52BFA3DD5005E4513 /* Bloome */,
				753F10D62BFA3DD6005E4513 /* BloomeTests */,
				753F10E02BFA3DD6005E4513 /* BloomeUITests */,
				753F10C42BFA3DD5005E4513 /* Products */,
			);
			sourceTree = "<group>";
		};
		753F10C42BFA3DD5005E4513 /* Products */ = {
			isa = PBXGroup;
			children = (
				753F10C32BFA3DD5005E4513 /* Bloome.app */,
				753F10D32BFA3DD6005E4513 /* BloomeTests.xctest */,
				753F10DD2BFA3DD6005E4513 /* BloomeUITests.xctest */,
			);
			name = Products;
			sourceTree = "<group>";
		};
		753F10C52BFA3DD5005E4513 /* Bloome */ = {
			isa = PBXGroup;
			children = (
				753F10C62BFA3DD5005E4513 /* AppDelegate.swift */,
				756D90442BFB3ACB00AEB564 /* HomeView.swift */,
				753F10C82BFA3DD5005E4513 /* ContentView.swift */,
				753F10F42BFA3FF4005E4513 /* Bloome.rcproject */,
				756D90422BFB3A4500AEB564 /* BloomeSecond.rcproject */,
				752DD1062C03480400AA81D5 /* BloomeThird.rcproject */,
				753F10CA2BFA3DD5005E4513 /* Assets.xcassets */,
				753F10CC2BFA3DD5005E4513 /* Preview Content */,
			);
			path = Bloome;
			sourceTree = "<group>";
		};
		753F10CC2BFA3DD5005E4513 /* Preview Content */ = {
			isa = PBXGroup;
			children = (
				753F10CD2BFA3DD5005E4513 /* Preview Assets.xcassets */,
			);
			path = "Preview Content";
			sourceTree = "<group>";
		};
		753F10D62BFA3DD6005E4513 /* BloomeTests */ = {
			isa = PBXGroup;
			children = (
				753F10D72BFA3DD6005E4513 /* BloomeTests.swift */,
			);
			path = BloomeTests;
			sourceTree = "<group>";
		};
		753F10E02BFA3DD6005E4513 /* BloomeUITests */ = {
			isa = PBXGroup;
			children = (
				753F10E12BFA3DD6005E4513 /* BloomeUITests.swift */,
				753F10E32BFA3DD6005E4513 /* BloomeUITestsLaunchTests.swift */,
			);
			path = BloomeUITests;
			sourceTree = "<group>";
		};
/* End PBXGroup section */

/* Begin PBXNativeTarget section */
		753F10C22BFA3DD5005E4513 /* Bloome */ = {
			isa = PBXNativeTarget;
			buildConfigurationList = 753F10E72BFA3DD6005E4513 /* Build configuration list for PBXNativeTarget "Bloome" */;
			buildPhases = (
				753F10BF2BFA3DD5005E4513 /* Sources */,
				753F10C02BFA3DD5005E4513 /* Frameworks */,
				753F10C12BFA3DD5005E4513 /* Resources */,
			);
			buildRules = (
			);
			dependencies = (
			);
			name = Bloome;
			productName = Bloome;
			productReference = 753F10C32BFA3DD5005E4513 /* Bloome.app */;
			productType = "com.apple.product-type.application";
		};
		753F10D22BFA3DD6005E4513 /* BloomeTests */ = {
			isa = PBXNativeTarget;
			buildConfigurationList = 753F10EA2BFA3DD6005E4513 /* Build configuration list for PBXNativeTarget "BloomeTests" */;
			buildPhases = (
				753F10CF2BFA3DD6005E4513 /* Sources */,
				753F10D02BFA3DD6005E4513 /* Frameworks */,
				753F10D12BFA3DD6005E4513 /* Resources */,
			);
			buildRules = (
			);
			dependencies = (
				753F10D52BFA3DD6005E4513 /* PBXTargetDependency */,
			);
			name = BloomeTests;
			productName = BloomeTests;
			productReference = 753F10D32BFA3DD6005E4513 /* BloomeTests.xctest */;
			productType = "com.apple.product-type.bundle.unit-test";
		};
		753F10DC2BFA3DD6005E4513 /* BloomeUITests */ = {
			isa = PBXNativeTarget;
			buildConfigurationList = 753F10ED2BFA3DD6005E4513 /* Build configuration list for PBXNativeTarget "BloomeUITests" */;
			buildPhases = (
				753F10D92BFA3DD6005E4513 /* Sources */,
				753F10DA2BFA3DD6005E4513 /* Frameworks */,
				753F10DB2BFA3DD6005E4513 /* Resources */,
			);
			buildRules = (
			);
			dependencies = (
				753F10DF2BFA3DD6005E4513 /* PBXTargetDependency */,
			);
			name = BloomeUITests;
			productName = BloomeUITests;
			productReference = 753F10DD2BFA3DD6005E4513 /* BloomeUITests.xctest */;
			productType = "com.apple.product-type.bundle.ui-testing";
		};
/* End PBXNativeTarget section */

/* Begin PBXProject section */
		753F10BB2BFA3DD5005E4513 /* Project object */ = {
			isa = PBXProject;
			attributes = {
				BuildIndependentTargetsInParallel = 1;
				LastSwiftUpdateCheck = 1520;
				LastUpgradeCheck = 1520;
				TargetAttributes = {
					753F10C22BFA3DD5005E4513 = {
						CreatedOnToolsVersion = 15.2;
					};
					753F10D22BFA3DD6005E4513 = {
						CreatedOnToolsVersion = 15.2;
						TestTargetID = 753F10C22BFA3DD5005E4513;
					};
					753F10DC2BFA3DD6005E4513 = {
						CreatedOnToolsVersion = 15.2;
						TestTargetID = 753F10C22BFA3DD5005E4513;
					};
				};
			};
			buildConfigurationList = 753F10BE2BFA3DD5005E4513 /* Build configuration list for PBXProject "Bloome" */;
			compatibilityVersion = "Xcode 14.0";
			developmentRegion = en;
			hasScannedForEncodings = 0;
			knownRegions = (
				en,
				Base,
			);
			mainGroup = 753F10BA2BFA3DD5005E4513;
			productRefGroup = 753F10C42BFA3DD5005E4513 /* Products */;
			projectDirPath = "";
			projectRoot = "";
			targets = (
				753F10C22BFA3DD5005E4513 /* Bloome */,
				753F10D22BFA3DD6005E4513 /* BloomeTests */,
				753F10DC2BFA3DD6005E4513 /* BloomeUITests */,
			);
		};
/* End PBXProject section */

/* Begin PBXResourcesBuildPhase section */
		753F10C12BFA3DD5005E4513 /* Resources */ = {
			isa = PBXResourcesBuildPhase;
			buildActionMask = 2147483647;
			files = (
				753F10CE2BFA3DD5005E4513 /* Preview Assets.xcassets in Resources */,
				753F10CB2BFA3DD5005E4513 /* Assets.xcassets in Resources */,
			);
			runOnlyForDeploymentPostprocessing = 0;
		};
		753F10D12BFA3DD6005E4513 /* Resources */ = {
			isa = PBXResourcesBuildPhase;
			buildActionMask = 2147483647;
			files = (
			);
			runOnlyForDeploymentPostprocessing = 0;
		};
		753F10DB2BFA3DD6005E4513 /* Resources */ = {
			isa = PBXResourcesBuildPhase;
			buildActionMask = 2147483647;
			files = (
			);
			runOnlyForDeploymentPostprocessing = 0;
		};
/* End PBXResourcesBuildPhase section */

/* Begin PBXSourcesBuildPhase section */
		753F10BF2BFA3DD5005E4513 /* Sources */ = {
			isa = PBXSourcesBuildPhase;
			buildActionMask = 2147483647;
			files = (
				753F10F52BFA3FF4005E4513 /* Bloome.rcproject in Sources */,
				753F10C92BFA3DD5005E4513 /* ContentView.swift in Sources */,
				756D90432BFB3A4500AEB564 /* BloomeSecond.rcproject in Sources */,
				756D90452BFB3ACB00AEB564 /* HomeView.swift in Sources */,
				752DD1072C03480400AA81D5 /* BloomeThird.rcproject in Sources */,
				753F10C72BFA3DD5005E4513 /* AppDelegate.swift in Sources */,
			);
			runOnlyForDeploymentPostprocessing = 0;
		};
		753F10CF2BFA3DD6005E4513 /* Sources */ = {
			isa = PBXSourcesBuildPhase;
			buildActionMask = 2147483647;
			files = (
				753F10D82BFA3DD6005E4513 /* BloomeTests.swift in Sources */,
			);
			runOnlyForDeploymentPostprocessing = 0;
		};
		753F10D92BFA3DD6005E4513 /* Sources */ = {
			isa = PBXSourcesBuildPhase;
			buildActionMask = 2147483647;
			files = (
				753F10E42BFA3DD6005E4513 /* BloomeUITestsLaunchTests.swift in Sources */,
				753F10E22BFA3DD6005E4513 /* BloomeUITests.swift in Sources */,
			);
			runOnlyForDeploymentPostprocessing = 0;
		};
/* End PBXSourcesBuildPhase section */

/* Begin PBXTargetDependency section */
		753F10D52BFA3DD6005E4513 /* PBXTargetDependency */ = {
			isa = PBXTargetDependency;
			target = 753F10C22BFA3DD5005E4513 /* Bloome */;
			targetProxy = 753F10D42BFA3DD6005E4513 /* PBXContainerItemProxy */;
		};
		753F10DF2BFA3DD6005E4513 /* PBXTargetDependency */ = {
			isa = PBXTargetDependency;
			target = 753F10C22BFA3DD5005E4513 /* Bloome */;
			targetProxy = 753F10DE2BFA3DD6005E4513 /* PBXContainerItemProxy */;
		};
/* End PBXTargetDependency section */

/* Begin XCBuildConfiguration section */
		753F10E52BFA3DD6005E4513 /* Debug */ = {
			isa = XCBuildConfiguration;
			buildSettings = {
				ALWAYS_SEARCH_USER_PATHS = NO;
				ASSETCATALOG_COMPILER_GENERATE_SWIFT_ASSET_SYMBOL_EXTENSIONS = YES;
				CLANG_ANALYZER_NONNULL = YES;
				CLANG_ANALYZER_NUMBER_OBJECT_CONVERSION = YES_AGGRESSIVE;
				CLANG_CXX_LANGUAGE_STANDARD = "gnu++20";
				CLANG_ENABLE_MODULES = YES;
				CLANG_ENABLE_OBJC_ARC = YES;
				CLANG_ENABLE_OBJC_WEAK = YES;
				CLANG_WARN_BLOCK_CAPTURE_AUTORELEASING = YES;
				CLANG_WARN_BOOL_CONVERSION = YES;
				CLANG_WARN_COMMA = YES;
				CLANG_WARN_CONSTANT_CONVERSION = YES;
				CLANG_WARN_DEPRECATED_OBJC_IMPLEMENTATIONS = YES;
				CLANG_WARN_DIRECT_OBJC_ISA_USAGE = YES_ERROR;
				CLANG_WARN_DOCUMENTATION_COMMENTS = YES;
				CLANG_WARN_EMPTY_BODY = YES;
				CLANG_WARN_ENUM_CONVERSION = YES;
				CLANG_WARN_INFINITE_RECURSION = YES;
				CLANG_WARN_INT_CONVERSION = YES;
				CLANG_WARN_NON_LITERAL_NULL_CONVERSION = YES;
				CLANG_WARN_OBJC_IMPLICIT_RETAIN_SELF = YES;
				CLANG_WARN_OBJC_LITERAL_CONVERSION = YES;
				CLANG_WARN_OBJC_ROOT_CLASS = YES_ERROR;
				CLANG_WARN_QUOTED_INCLUDE_IN_FRAMEWORK_HEADER = YES;
				CLANG_WARN_RANGE_LOOP_ANALYSIS = YES;
				CLANG_WARN_STRICT_PROTOTYPES = YES;
				CLANG_WARN_SUSPICIOUS_MOVE = YES;
				CLANG_WARN_UNGUARDED_AVAILABILITY = YES_AGGRESSIVE;
				CLANG_WARN_UNREACHABLE_CODE = YES;
				CLANG_WARN__DUPLICATE_METHOD_MATCH = YES;
				COPY_PHASE_STRIP = NO;
				DEBUG_INFORMATION_FORMAT = dwarf;
				ENABLE_STRICT_OBJC_MSGSEND = YES;
				ENABLE_TESTABILITY = YES;
				ENABLE_USER_SCRIPT_SANDBOXING = YES;
				GCC_C_LANGUAGE_STANDARD = gnu17;
				GCC_DYNAMIC_NO_PIC = NO;
				GCC_NO_COMMON_BLOCKS = YES;
				GCC_OPTIMIZATION_LEVEL = 0;
				GCC_PREPROCESSOR_DEFINITIONS = (
					"DEBUG=1",
					"$(inherited)",
				);
				GCC_WARN_64_TO_32_BIT_CONVERSION = YES;
				GCC_WARN_ABOUT_RETURN_TYPE = YES_ERROR;
				GCC_WARN_UNDECLARED_SELECTOR = YES;
				GCC_WARN_UNINITIALIZED_AUTOS = YES_AGGRESSIVE;
				GCC_WARN_UNUSED_FUNCTION = YES;
				GCC_WARN_UNUSED_VARIABLE = YES;
				IPHONEOS_DEPLOYMENT_TARGET = 17.2;
				LOCALIZATION_PREFERS_STRING_CATALOGS = YES;
				MTL_ENABLE_DEBUG_INFO = INCLUDE_SOURCE;
				MTL_FAST_MATH = YES;
				ONLY_ACTIVE_ARCH = YES;
				SDKROOT = iphoneos;
				SWIFT_ACTIVE_COMPILATION_CONDITIONS = "DEBUG $(inherited)";
				SWIFT_OPTIMIZATION_LEVEL = "-Onone";
			};
			name = Debug;
		};
		753F10E62BFA3DD6005E4513 /* Release */ = {
			isa = XCBuildConfiguration;
			buildSettings = {
				ALWAYS_SEARCH_USER_PATHS = NO;
				ASSETCATALOG_COMPILER_GENERATE_SWIFT_ASSET_SYMBOL_EXTENSIONS = YES;
				CLANG_ANALYZER_NONNULL = YES;
				CLANG_ANALYZER_NUMBER_OBJECT_CONVERSION = YES_AGGRESSIVE;
				CLANG_CXX_LANGUAGE_STANDARD = "gnu++20";
				CLANG_ENABLE_MODULES = YES;
				CLANG_ENABLE_OBJC_ARC = YES;
				CLANG_ENABLE_OBJC_WEAK = YES;
				CLANG_WARN_BLOCK_CAPTURE_AUTORELEASING = YES;
				CLANG_WARN_BOOL_CONVERSION = YES;
				CLANG_WARN_COMMA = YES;
				CLANG_WARN_CONSTANT_CONVERSION = YES;
				CLANG_WARN_DEPRECATED_OBJC_IMPLEMENTATIONS = YES;
				CLANG_WARN_DIRECT_OBJC_ISA_USAGE = YES_ERROR;
				CLANG_WARN_DOCUMENTATION_COMMENTS = YES;
				CLANG_WARN_EMPTY_BODY = YES;
				CLANG_WARN_ENUM_CONVERSION = YES;
				CLANG_WARN_INFINITE_RECURSION = YES;
				CLANG_WARN_INT_CONVERSION = YES;
				CLANG_WARN_NON_LITERAL_NULL_CONVERSION = YES;
				CLANG_WARN_OBJC_IMPLICIT_RETAIN_SELF = YES;
				CLANG_WARN_OBJC_LITERAL_CONVERSION = YES;
				CLANG_WARN_OBJC_ROOT_CLASS = YES_ERROR;
				CLANG_WARN_QUOTED_INCLUDE_IN_FRAMEWORK_HEADER = YES;
				CLANG_WARN_RANGE_LOOP_ANALYSIS = YES;
				CLANG_WARN_STRICT_PROTOTYPES = YES;
				CLANG_WARN_SUSPICIOUS_MOVE = YES;
				CLANG_WARN_UNGUARDED_AVAILABILITY = YES_AGGRESSIVE;
				CLANG_WARN_UNREACHABLE_CODE = YES;
				CLANG_WARN__DUPLICATE_METHOD_MATCH = YES;
				COPY_PHASE_STRIP = NO;
				DEBUG_INFORMATION_FORMAT = "dwarf-with-dsym";
				ENABLE_NS_ASSERTIONS = NO;
				ENABLE_STRICT_OBJC_MSGSEND = YES;
				ENABLE_USER_SCRIPT_SANDBOXING = YES;
				GCC_C_LANGUAGE_STANDARD = gnu17;
				GCC_NO_COMMON_BLOCKS = YES;
				GCC_WARN_64_TO_32_BIT_CONVERSION = YES;
				GCC_WARN_ABOUT_RETURN_TYPE = YES_ERROR;
				GCC_WARN_UNDECLARED_SELECTOR = YES;
				GCC_WARN_UNINITIALIZED_AUTOS = YES_AGGRESSIVE;
				GCC_WARN_UNUSED_FUNCTION = YES;
				GCC_WARN_UNUSED_VARIABLE = YES;
				IPHONEOS_DEPLOYMENT_TARGET = 17.2;
				LOCALIZATION_PREFERS_STRING_CATALOGS = YES;
				MTL_ENABLE_DEBUG_INFO = NO;
				MTL_FAST_MATH = YES;
				SDKROOT = iphoneos;
				SWIFT_COMPILATION_MODE = wholemodule;
				VALIDATE_PRODUCT = YES;
			};
			name = Release;
		};
		753F10E82BFA3DD6005E4513 /* Debug */ = {
			isa = XCBuildConfiguration;
			buildSettings = {
				ASSETCATALOG_COMPILER_APPICON_NAME = AppIcon;
				ASSETCATALOG_COMPILER_GLOBAL_ACCENT_COLOR_NAME = AccentColor;
				CODE_SIGN_STYLE = Automatic;
				CURRENT_PROJECT_VERSION = 1;
				DEVELOPMENT_ASSET_PATHS = "\"Bloome/Preview Content\"";
				DEVELOPMENT_TEAM = HJSJ7VUQNB;
				ENABLE_PREVIEWS = YES;
				GENERATE_INFOPLIST_FILE = YES;
				INFOPLIST_KEY_NSCameraUsageDescription = "";
				INFOPLIST_KEY_UIApplicationSupportsIndirectInputEvents = YES;
				INFOPLIST_KEY_UILaunchScreen_Generation = YES;
				INFOPLIST_KEY_UIRequiredDeviceCapabilities = arkit;
				INFOPLIST_KEY_UIStatusBarHidden = YES;
				INFOPLIST_KEY_UISupportedInterfaceOrientations_iPad = "UIInterfaceOrientationPortrait UIInterfaceOrientationPortraitUpsideDown UIInterfaceOrientationLandscapeLeft UIInterfaceOrientationLandscapeRight";
				INFOPLIST_KEY_UISupportedInterfaceOrientations_iPhone = "UIInterfaceOrientationPortrait UIInterfaceOrientationLandscapeLeft UIInterfaceOrientationLandscapeRight";
				LD_RUNPATH_SEARCH_PATHS = (
					"$(inherited)",
					"@executable_path/Frameworks",
				);
				MARKETING_VERSION = 1.0;
				PRODUCT_BUNDLE_IDENTIFIER = example.Bloome;
				PRODUCT_NAME = "$(TARGET_NAME)";
				SWIFT_EMIT_LOC_STRINGS = YES;
				SWIFT_VERSION = 5.0;
				TARGETED_DEVICE_FAMILY = "1,2";
			};
			name = Debug;
		};
		753F10E92BFA3DD6005E4513 /* Release */ = {
			isa = XCBuildConfiguration;
			buildSettings = {
				ASSETCATALOG_COMPILER_APPICON_NAME = AppIcon;
				ASSETCATALOG_COMPILER_GLOBAL_ACCENT_COLOR_NAME = AccentColor;
				CODE_SIGN_STYLE = Automatic;
				CURRENT_PROJECT_VERSION = 1;
				DEVELOPMENT_ASSET_PATHS = "\"Bloome/Preview Content\"";
				DEVELOPMENT_TEAM = HJSJ7VUQNB;
				ENABLE_PREVIEWS = YES;
				GENERATE_INFOPLIST_FILE = YES;
				INFOPLIST_KEY_NSCameraUsageDescription = "";
				INFOPLIST_KEY_UIApplicationSupportsIndirectInputEvents = YES;
				INFOPLIST_KEY_UILaunchScreen_Generation = YES;
				INFOPLIST_KEY_UIRequiredDeviceCapabilities = arkit;
				INFOPLIST_KEY_UIStatusBarHidden = YES;
				INFOPLIST_KEY_UISupportedInterfaceOrientations_iPad = "UIInterfaceOrientationPortrait UIInterfaceOrientationPortraitUpsideDown UIInterfaceOrientationLandscapeLeft UIInterfaceOrientationLandscapeRight";
				INFOPLIST_KEY_UISupportedInterfaceOrientations_iPhone = "UIInterfaceOrientationPortrait UIInterfaceOrientationLandscapeLeft UIInterfaceOrientationLandscapeRight";
				LD_RUNPATH_SEARCH_PATHS = (
					"$(inherited)",
					"@executable_path/Frameworks",
				);
				MARKETING_VERSION = 1.0;
				PRODUCT_BUNDLE_IDENTIFIER = example.Bloome;
				PRODUCT_NAME = "$(TARGET_NAME)";
				SWIFT_EMIT_LOC_STRINGS = YES;
				SWIFT_VERSION = 5.0;
				TARGETED_DEVICE_FAMILY = "1,2";
			};
			name = Release;
		};
		753F10EB2BFA3DD6005E4513 /* Debug */ = {
			isa = XCBuildConfiguration;
			buildSettings = {
				ALWAYS_EMBED_SWIFT_STANDARD_LIBRARIES = YES;
				BUNDLE_LOADER = "$(TEST_HOST)";
				CODE_SIGN_STYLE = Automatic;
				CURRENT_PROJECT_VERSION = 1;
				DEVELOPMENT_TEAM = HJSJ7VUQNB;
				GENERATE_INFOPLIST_FILE = YES;
				IPHONEOS_DEPLOYMENT_TARGET = 17.2;
				MARKETING_VERSION = 1.0;
				PRODUCT_BUNDLE_IDENTIFIER = example.BloomeTests;
				PRODUCT_NAME = "$(TARGET_NAME)";
				SWIFT_EMIT_LOC_STRINGS = NO;
				SWIFT_VERSION = 5.0;
				TARGETED_DEVICE_FAMILY = "1,2";
				TEST_HOST = "$(BUILT_PRODUCTS_DIR)/Bloome.app/$(BUNDLE_EXECUTABLE_FOLDER_PATH)/Bloome";
			};
			name = Debug;
		};
		753F10EC2BFA3DD6005E4513 /* Release */ = {
			isa = XCBuildConfiguration;
			buildSettings = {
				ALWAYS_EMBED_SWIFT_STANDARD_LIBRARIES = YES;
				BUNDLE_LOADER = "$(TEST_HOST)";
				CODE_SIGN_STYLE = Automatic;
				CURRENT_PROJECT_VERSION = 1;
				DEVELOPMENT_TEAM = HJSJ7VUQNB;
				GENERATE_INFOPLIST_FILE = YES;
				IPHONEOS_DEPLOYMENT_TARGET = 17.2;
				MARKETING_VERSION = 1.0;
				PRODUCT_BUNDLE_IDENTIFIER = example.BloomeTests;
				PRODUCT_NAME = "$(TARGET_NAME)";
				SWIFT_EMIT_LOC_STRINGS = NO;
				SWIFT_VERSION = 5.0;
				TARGETED_DEVICE_FAMILY = "1,2";
				TEST_HOST = "$(BUILT_PRODUCTS_DIR)/Bloome.app/$(BUNDLE_EXECUTABLE_FOLDER_PATH)/Bloome";
			};
			name = Release;
		};
		753F10EE2BFA3DD6005E4513 /* Debug */ = {
			isa = XCBuildConfiguration;
			buildSettings = {
				ALWAYS_EMBED_SWIFT_STANDARD_LIBRARIES = YES;
				CODE_SIGN_STYLE = Automatic;
				CURRENT_PROJECT_VERSION = 1;
				DEVELOPMENT_TEAM = HJSJ7VUQNB;
				GENERATE_INFOPLIST_FILE = YES;
				MARKETING_VERSION = 1.0;
				PRODUCT_BUNDLE_IDENTIFIER = example.BloomeUITests;
				PRODUCT_NAME = "$(TARGET_NAME)";
				SWIFT_EMIT_LOC_STRINGS = NO;
				SWIFT_VERSION = 5.0;
				TARGETED_DEVICE_FAMILY = "1,2";
				TEST_TARGET_NAME = Bloome;
			};
			name = Debug;
		};
		753F10EF2BFA3DD6005E4513 /* Release */ = {
			isa = XCBuildConfiguration;
			buildSettings = {
				ALWAYS_EMBED_SWIFT_STANDARD_LIBRARIES = YES;
				CODE_SIGN_STYLE = Automatic;
				CURRENT_PROJECT_VERSION = 1;
				DEVELOPMENT_TEAM = HJSJ7VUQNB;
				GENERATE_INFOPLIST_FILE = YES;
				MARKETING_VERSION = 1.0;
				PRODUCT_BUNDLE_IDENTIFIER = example.BloomeUITests;
				PRODUCT_NAME = "$(TARGET_NAME)";
				SWIFT_EMIT_LOC_STRINGS = NO;
				SWIFT_VERSION = 5.0;
				TARGETED_DEVICE_FAMILY = "1,2";
				TEST_TARGET_NAME = Bloome;
			};
			name = Release;
		};
/* End XCBuildConfiguration section */

/* Begin XCConfigurationList section */
		753F10BE2BFA3DD5005E4513 /* Build configuration list for PBXProject "Bloome" */ = {
			isa = XCConfigurationList;
			buildConfigurations = (
				753F10E52BFA3DD6005E4513 /* Debug */,
				753F10E62BFA3DD6005E4513 /* Release */,
			);
			defaultConfigurationIsVisible = 0;
			defaultConfigurationName = Release;
		};
		753F10E72BFA3DD6005E4513 /* Build configuration list for PBXNativeTarget "Bloome" */ = {
			isa = XCConfigurationList;
			buildConfigurations = (
				753F10E82BFA3DD6005E4513 /* Debug */,
				753F10E92BFA3DD6005E4513 /* Release */,
			);
			defaultConfigurationIsVisible = 0;
			defaultConfigurationName = Release;
		};
		753F10EA2BFA3DD6005E4513 /* Build configuration list for PBXNativeTarget "BloomeTests" */ = {
			isa = XCConfigurationList;
			buildConfigurations = (
				753F10EB2BFA3DD6005E4513 /* Debug */,
				753F10EC2BFA3DD6005E4513 /* Release */,
			);
			defaultConfigurationIsVisible = 0;
			defaultConfigurationName = Release;
		};
		753F10ED2BFA3DD6005E4513 /* Build configuration list for PBXNativeTarget "BloomeUITests" */ = {
			isa = XCConfigurationList;
			buildConfigurations = (
				753F10EE2BFA3DD6005E4513 /* Debug */,
				753F10EF2BFA3DD6005E4513 /* Release */,
			);
			defaultConfigurationIsVisible = 0;
			defaultConfigurationName = Release;
		};
/* End XCConfigurationList section */
	};
	rootObject = 753F10BB2BFA3DD5005E4513 /* Project object */;
}
